<?xml version="1.0" encoding="utf-8"?>
<Project ToolsVersion="4.0" xmlns="http://schemas.microsoft.com/developer/msbuild/2003">
  <ItemGroup>
    <Filter Include="Source Files">
      <UniqueIdentifier>{E9C7FDCE-D52A-8D73-7EB0-C5296AF258F6}</UniqueIdentifier>
    </Filter>
    <Filter Include="game">
      <UniqueIdentifier>{68971b15-2f33-47c8-bd6b-1d83a97d5698}</UniqueIdentifier>
    </Filter>
    <Filter Include="engine">
      <UniqueIdentifier>{6b7b9099-0cca-40d3-a168-fd0c064f4b15}</UniqueIdentifier>
    </Filter>
  </ItemGroup>
  <ItemGroup>
    <ClInclude Include="..\game\ECSManager.hpp">
      <Filter>game</Filter>
    </ClInclude>
    <ClInclude Include="..\game\IScene.hpp">
      <Filter>game</Filter>
    </ClInclude>
    <ClInclude Include="..\engine\AssetsManager.hpp">
      <Filter>engine</Filter>
    </ClInclude>
    <ClInclude Include="..\engine\Defines.hpp">
      <Filter>engine</Filter>
    </ClInclude>
    <ClInclude Include="..\engine\Engine.hpp">
      <Filter>engine</Filter>
    </ClInclude>
    <ClInclude Include="..\engine\GMath.hpp">
      <Filter>engine</Filter>
    </ClInclude>
    <ClInclude Include="..\engine\IGame.hpp">
      <Filter>engine</Filter>
    </ClInclude>
    <ClInclude Include="..\engine\Renderer.hpp">
      <Filter>engine</Filter>
    </ClInclude>
    <ClInclude Include="..\engine\Window.hpp">
      <Filter>engine</Filter>
    </ClInclude>
    <ClInclude Include="..\game\SceneGame.hpp">
      <Filter>game</Filter>
    </ClInclude>
    <ClInclude Include="..\game\Game.hpp">
      <Filter>game</Filter>
    </ClInclude>
    <ClInclude Include="..\game\Entity.hpp">
      <Filter>game</Filter>
    </ClInclude>
    <ClInclude Include="..\game\Components.hpp">
      <Filter>game</Filter>
    </ClInclude>
  </ItemGroup>
  <ItemGroup>
    <ClCompile Include="..\game\src\Main.cpp">
      <Filter>Source Files</Filter>
    </ClCompile>
    <ClCompile Include="..\game\ECSManager.cpp">
      <Filter>game</Filter>
    </ClCompile>
    <ClCompile Include="..\engine\AssetsManager.cpp">
      <Filter>engine</Filter>
    </ClCompile>
    <ClCompile Include="..\engine\Engine.cpp">
      <Filter>engine</Filter>
    </ClCompile>
    <ClCompile Include="..\engine\GMath.cpp">
      <Filter>engine</Filter>
    </ClCompile>
    <ClCompile Include="..\engine\Renderer.cpp">
      <Filter>engine</Filter>
    </ClCompile>
    <ClCompile Include="..\engine\Window.cpp">
      <Filter>engine</Filter>
    </ClCompile>
    <ClCompile Include="..\game\SceneGame.cpp">
      <Filter>game</Filter>
    </ClCompile>
    <ClCompile Include="..\game\Game.cpp">
      <Filter>game</Filter>
    </ClCompile>
  </ItemGroup>
</Project>